
Microsoft Visual Studio Solution File, Format Version 12.00
# Visual Studio Version 17
VisualStudioVersion = 17.5.33502.453
MinimumVisualStudioVersion = 10.0.40219.1
Project("{8BC9CEB8-8B4A-11D0-8D11-00A0C91BC942}") = "Try This Page 105", "Chapter 4 Computation\Chapter 4 Computation.vcxproj", "{5E050FA6-973F-47FB-B5F6-CC43FA553F90}"
EndProject
Project("{8BC9CEB8-8B4A-11D0-8D11-00A0C91BC942}") = "Try This Page 109", "Try This Page 109\Try This Page 109.vcxproj", "{A618B0F6-3DC3-4772-84AD-EFF3F003C687}"
EndProject
Project("{8BC9CEB8-8B4A-11D0-8D11-00A0C91BC942}") = "Try This Page 111", "Try This Page 111\Try This Page 111.vcxproj", "{8ECDB9AB-01E7-49F5-94DC-62F795FE8102}"
EndProject
Project("{8BC9CEB8-8B4A-11D0-8D11-00A0C91BC942}") = "Try This Page 113", "Try This Page 113\Try This Page 113.vcxproj", "{744E16AD-474D-4011-8C79-84B7F1588FBF}"
EndProject
Project("{8BC9CEB8-8B4A-11D0-8D11-00A0C91BC942}") = "Try This Page 116", "Try This Page 116\Try This Page 116.vcxproj", "{F33C8EC2-AB95-47DD-8F62-D56B6D1EA701}"
EndProject
Project("{8BC9CEB8-8B4A-11D0-8D11-00A0C91BC942}") = "4.6.3", "4.6.3\4.6.3.vcxproj", "{E320D8FD-7642-4E3E-B77A-EAB98762B01E}"
EndProject
Project("{8BC9CEB8-8B4A-11D0-8D11-00A0C91BC942}") = "4.6.4", "4.6.4\4.6.4.vcxproj", "{20A29AAD-28CA-481B-980B-EDD9DA858405}"
EndProject
Project("{8BC9CEB8-8B4A-11D0-8D11-00A0C91BC942}") = "Try This Page 125", "Try This Page 125\Try This Page 125.vcxproj", "{D67A9C49-4D35-40EB-860A-5B7E3DF3EC0C}"
EndProject
Project("{8BC9CEB8-8B4A-11D0-8D11-00A0C91BC942}") = "Drill", "Drill\Drill.vcxproj", "{4E4860CB-3704-4D20-880E-6A8888A6B227}"
EndProject
Project("{8BC9CEB8-8B4A-11D0-8D11-00A0C91BC942}") = "Drill (After 5)", "Drill (After 5)\Drill (After 5).vcxproj", "{01EACBF5-16FB-444B-BF07-6AA06CA31355}"
EndProject
Project("{8BC9CEB8-8B4A-11D0-8D11-00A0C91BC942}") = "Exercise 2", "Exercise 2\Exercise 2.vcxproj", "{5F9AB583-6292-46F6-BD7A-FA60D0C0BAFF}"
EndProject
Project("{8BC9CEB8-8B4A-11D0-8D11-00A0C91BC942}") = "Exercise 3", "Exercise 3\Exercise 3.vcxproj", "{7769D3F8-2665-4238-90A3-720641738A73}"
EndProject
Project("{8BC9CEB8-8B4A-11D0-8D11-00A0C91BC942}") = "Exercise 4", "Exercise 4\Exercise 4.vcxproj", "{98D6D3F3-291E-4224-BF5E-8DECD2545FCF}"
EndProject
Project("{8BC9CEB8-8B4A-11D0-8D11-00A0C91BC942}") = "Exercise 5", "Exercise 5\Exercise 5.vcxproj", "{B1D6CCF4-5021-4C7A-92E5-11161FE11D27}"
EndProject
Project("{8BC9CEB8-8B4A-11D0-8D11-00A0C91BC942}") = "Exercise 6", "Exercise 6\Exercise 6.vcxproj", "{D27281D4-6D58-4068-951A-099B19D09CB9}"
EndProject
Project("{8BC9CEB8-8B4A-11D0-8D11-00A0C91BC942}") = "Exercise 7", "Exercise 7\Exercise 7.vcxproj", "{4B4F9646-A3A2-4CB8-8AB6-9C37A29CB7CB}"
EndProject
Project("{8BC9CEB8-8B4A-11D0-8D11-00A0C91BC942}") = "Exercise 8", "Exercise 8\Exercise 8.vcxproj", "{5CFF0346-9D44-4F11-A44A-6B0B1C0C4F77}"
EndProject
Project("{8BC9CEB8-8B4A-11D0-8D11-00A0C91BC942}") = "Exercise 9", "Exercise 9\Exercise 9.vcxproj", "{C61EF0C7-A991-446A-B67F-F1375A37618E}"
EndProject
Project("{8BC9CEB8-8B4A-11D0-8D11-00A0C91BC942}") = "Exercise 10", "Exercise 10\Exercise 10.vcxproj", "{E72415E7-D248-42D5-801F-FF183592C52D}"
EndProject
Project("{8BC9CEB8-8B4A-11D0-8D11-00A0C91BC942}") = "Exercise 11", "Exercise 11\Exercise 11.vcxproj", "{F1CEBD6E-18A1-44CA-8919-FEB8BC453C35}"
EndProject
Project("{8BC9CEB8-8B4A-11D0-8D11-00A0C91BC942}") = "Exercise 12", "Exercise 12\Exercise 12.vcxproj", "{8DF4BD47-653D-4BA0-B241-1DBF9F72D586}"
EndProject
Project("{8BC9CEB8-8B4A-11D0-8D11-00A0C91BC942}") = "Exercise 13", "Exercise 13\Exercise 13.vcxproj", "{5B1A38BC-C37B-4D2B-819E-99722456A59C}"
EndProject
Project("{8BC9CEB8-8B4A-11D0-8D11-00A0C91BC942}") = "Exercise 14", "Exercise 14\Exercise 14.vcxproj", "{404F4C15-614B-4C14-9444-CEE17B0D5A31}"
EndProject
Project("{8BC9CEB8-8B4A-11D0-8D11-00A0C91BC942}") = "Exercise 15", "Exercise 15\Exercise 15.vcxproj", "{E2A5F948-BDDB-44C1-A4F7-F314F91FA443}"
EndProject
Project("{8BC9CEB8-8B4A-11D0-8D11-00A0C91BC942}") = "Exercise 16", "Exercise 16\Exercise 16.vcxproj", "{8DD39624-E26A-49EE-89DC-6CA1E5AC2C80}"
EndProject
Project("{8BC9CEB8-8B4A-11D0-8D11-00A0C91BC942}") = "Exercise 17", "Exercise 17\Exercise 17.vcxproj", "{C1AACD2F-A4DE-4F61-B69A-F00B5225F43E}"
EndProject
Project("{8BC9CEB8-8B4A-11D0-8D11-00A0C91BC942}") = "Exercise 18", "Exercise 18\Exercise 18.vcxproj", "{2DC1D96B-C4B6-49E8-A256-41045A635711}"
EndProject
Project("{8BC9CEB8-8B4A-11D0-8D11-00A0C91BC942}") = "Exercise 19", "Exercise 19\Exercise 19.vcxproj", "{B2485EC4-5A1D-42F1-9323-EB76E9F88467}"
EndProject
Project("{8BC9CEB8-8B4A-11D0-8D11-00A0C91BC942}") = "Exercise 20", "Exercise 20\Exercise 20.vcxproj", "{0927F45B-6086-45EC-A8A7-E5219C51F5DA}"
EndProject
Project("{8BC9CEB8-8B4A-11D0-8D11-00A0C91BC942}") = "Exercise 21", "Exercise 21\Exercise 21.vcxproj", "{EF214E09-BC5E-4C1B-A145-C3CB59A1FD33}"
EndProject
Global
	GlobalSection(SolutionConfigurationPlatforms) = preSolution
		Debug|Any CPU = Debug|Any CPU
		Debug|x64 = Debug|x64
		Debug|x86 = Debug|x86
		Release|Any CPU = Release|Any CPU
		Release|x64 = Release|x64
		Release|x86 = Release|x86
	EndGlobalSection
	GlobalSection(ProjectConfigurationPlatforms) = postSolution
		{5E050FA6-973F-47FB-B5F6-CC43FA553F90}.Debug|Any CPU.ActiveCfg = Debug|x64
		{5E050FA6-973F-47FB-B5F6-CC43FA553F90}.Debug|Any CPU.Build.0 = Debug|x64
		{5E050FA6-973F-47FB-B5F6-CC43FA553F90}.Debug|x64.ActiveCfg = Debug|x64
		{5E050FA6-973F-47FB-B5F6-CC43FA553F90}.Debug|x64.Build.0 = Debug|x64
		{5E050FA6-973F-47FB-B5F6-CC43FA553F90}.Debug|x86.ActiveCfg = Debug|Win32
		{5E050FA6-973F-47FB-B5F6-CC43FA553F90}.Debug|x86.Build.0 = Debug|Win32
		{5E050FA6-973F-47FB-B5F6-CC43FA553F90}.Release|Any CPU.ActiveCfg = Release|x64
		{5E050FA6-973F-47FB-B5F6-CC43FA553F90}.Release|Any CPU.Build.0 = Release|x64
		{5E050FA6-973F-47FB-B5F6-CC43FA553F90}.Release|x64.ActiveCfg = Release|x64
		{5E050FA6-973F-47FB-B5F6-CC43FA553F90}.Release|x64.Build.0 = Release|x64
		{5E050FA6-973F-47FB-B5F6-CC43FA553F90}.Release|x86.ActiveCfg = Release|Win32
		{5E050FA6-973F-47FB-B5F6-CC43FA553F90}.Release|x86.Build.0 = Release|Win32
		{A618B0F6-3DC3-4772-84AD-EFF3F003C687}.Debug|Any CPU.ActiveCfg = Debug|x64
		{A618B0F6-3DC3-4772-84AD-EFF3F003C687}.Debug|Any CPU.Build.0 = Debug|x64
		{A618B0F6-3DC3-4772-84AD-EFF3F003C687}.Debug|x64.ActiveCfg = Debug|x64
		{A618B0F6-3DC3-4772-84AD-EFF3F003C687}.Debug|x64.Build.0 = Debug|x64
		{A618B0F6-3DC3-4772-84AD-EFF3F003C687}.Debug|x86.ActiveCfg = Debug|Win32
		{A618B0F6-3DC3-4772-84AD-EFF3F003C687}.Debug|x86.Build.0 = Debug|Win32
		{A618B0F6-3DC3-4772-84AD-EFF3F003C687}.Release|Any CPU.ActiveCfg = Release|x64
		{A618B0F6-3DC3-4772-84AD-EFF3F003C687}.Release|Any CPU.Build.0 = Release|x64
		{A618B0F6-3DC3-4772-84AD-EFF3F003C687}.Release|x64.ActiveCfg = Release|x64
		{A618B0F6-3DC3-4772-84AD-EFF3F003C687}.Release|x64.Build.0 = Release|x64
		{A618B0F6-3DC3-4772-84AD-EFF3F003C687}.Release|x86.ActiveCfg = Release|Win32
		{A618B0F6-3DC3-4772-84AD-EFF3F003C687}.Release|x86.Build.0 = Release|Win32
		{8ECDB9AB-01E7-49F5-94DC-62F795FE8102}.Debug|Any CPU.ActiveCfg = Debug|x64
		{8ECDB9AB-01E7-49F5-94DC-62F795FE8102}.Debug|Any CPU.Build.0 = Debug|x64
		{8ECDB9AB-01E7-49F5-94DC-62F795FE8102}.Debug|x64.ActiveCfg = Debug|x64
		{8ECDB9AB-01E7-49F5-94DC-62F795FE8102}.Debug|x64.Build.0 = Debug|x64
		{8ECDB9AB-01E7-49F5-94DC-62F795FE8102}.Debug|x86.ActiveCfg = Debug|Win32
		{8ECDB9AB-01E7-49F5-94DC-62F795FE8102}.Debug|x86.Build.0 = Debug|Win32
		{8ECDB9AB-01E7-49F5-94DC-62F795FE8102}.Release|Any CPU.ActiveCfg = Release|x64
		{8ECDB9AB-01E7-49F5-94DC-62F795FE8102}.Release|Any CPU.Build.0 = Release|x64
		{8ECDB9AB-01E7-49F5-94DC-62F795FE8102}.Release|x64.ActiveCfg = Release|x64
		{8ECDB9AB-01E7-49F5-94DC-62F795FE8102}.Release|x64.Build.0 = Release|x64
		{8ECDB9AB-01E7-49F5-94DC-62F795FE8102}.Release|x86.ActiveCfg = Release|Win32
		{8ECDB9AB-01E7-49F5-94DC-62F795FE8102}.Release|x86.Build.0 = Release|Win32
		{744E16AD-474D-4011-8C79-84B7F1588FBF}.Debug|Any CPU.ActiveCfg = Debug|x64
		{744E16AD-474D-4011-8C79-84B7F1588FBF}.Debug|Any CPU.Build.0 = Debug|x64
		{744E16AD-474D-4011-8C79-84B7F1588FBF}.Debug|x64.ActiveCfg = Debug|x64
		{744E16AD-474D-4011-8C79-84B7F1588FBF}.Debug|x64.Build.0 = Debug|x64
		{744E16AD-474D-4011-8C79-84B7F1588FBF}.Debug|x86.ActiveCfg = Debug|Win32
		{744E16AD-474D-4011-8C79-84B7F1588FBF}.Debug|x86.Build.0 = Debug|Win32
		{744E16AD-474D-4011-8C79-84B7F1588FBF}.Release|Any CPU.ActiveCfg = Release|x64
		{744E16AD-474D-4011-8C79-84B7F1588FBF}.Release|Any CPU.Build.0 = Release|x64
		{744E16AD-474D-4011-8C79-84B7F1588FBF}.Release|x64.ActiveCfg = Release|x64
		{744E16AD-474D-4011-8C79-84B7F1588FBF}.Release|x64.Build.0 = Release|x64
		{744E16AD-474D-4011-8C79-84B7F1588FBF}.Release|x86.ActiveCfg = Release|Win32
		{744E16AD-474D-4011-8C79-84B7F1588FBF}.Release|x86.Build.0 = Release|Win32
		{F33C8EC2-AB95-47DD-8F62-D56B6D1EA701}.Debug|Any CPU.ActiveCfg = Debug|x64
		{F33C8EC2-AB95-47DD-8F62-D56B6D1EA701}.Debug|Any CPU.Build.0 = Debug|x64
		{F33C8EC2-AB95-47DD-8F62-D56B6D1EA701}.Debug|x64.ActiveCfg = Debug|x64
		{F33C8EC2-AB95-47DD-8F62-D56B6D1EA701}.Debug|x64.Build.0 = Debug|x64
		{F33C8EC2-AB95-47DD-8F62-D56B6D1EA701}.Debug|x86.ActiveCfg = Debug|Win32
		{F33C8EC2-AB95-47DD-8F62-D56B6D1EA701}.Debug|x86.Build.0 = Debug|Win32
		{F33C8EC2-AB95-47DD-8F62-D56B6D1EA701}.Release|Any CPU.ActiveCfg = Release|x64
		{F33C8EC2-AB95-47DD-8F62-D56B6D1EA701}.Release|Any CPU.Build.0 = Release|x64
		{F33C8EC2-AB95-47DD-8F62-D56B6D1EA701}.Release|x64.ActiveCfg = Release|x64
		{F33C8EC2-AB95-47DD-8F62-D56B6D1EA701}.Release|x64.Build.0 = Release|x64
		{F33C8EC2-AB95-47DD-8F62-D56B6D1EA701}.Release|x86.ActiveCfg = Release|Win32
		{F33C8EC2-AB95-47DD-8F62-D56B6D1EA701}.Release|x86.Build.0 = Release|Win32
		{E320D8FD-7642-4E3E-B77A-EAB98762B01E}.Debug|Any CPU.ActiveCfg = Debug|x64
		{E320D8FD-7642-4E3E-B77A-EAB98762B01E}.Debug|Any CPU.Build.0 = Debug|x64
		{E320D8FD-7642-4E3E-B77A-EAB98762B01E}.Debug|x64.ActiveCfg = Debug|x64
		{E320D8FD-7642-4E3E-B77A-EAB98762B01E}.Debug|x64.Build.0 = Debug|x64
		{E320D8FD-7642-4E3E-B77A-EAB98762B01E}.Debug|x86.ActiveCfg = Debug|Win32
		{E320D8FD-7642-4E3E-B77A-EAB98762B01E}.Debug|x86.Build.0 = Debug|Win32
		{E320D8FD-7642-4E3E-B77A-EAB98762B01E}.Release|Any CPU.ActiveCfg = Release|x64
		{E320D8FD-7642-4E3E-B77A-EAB98762B01E}.Release|Any CPU.Build.0 = Release|x64
		{E320D8FD-7642-4E3E-B77A-EAB98762B01E}.Release|x64.ActiveCfg = Release|x64
		{E320D8FD-7642-4E3E-B77A-EAB98762B01E}.Release|x64.Build.0 = Release|x64
		{E320D8FD-7642-4E3E-B77A-EAB98762B01E}.Release|x86.ActiveCfg = Release|Win32
		{E320D8FD-7642-4E3E-B77A-EAB98762B01E}.Release|x86.Build.0 = Release|Win32
		{20A29AAD-28CA-481B-980B-EDD9DA858405}.Debug|Any CPU.ActiveCfg = Debug|x64
		{20A29AAD-28CA-481B-980B-EDD9DA858405}.Debug|Any CPU.Build.0 = Debug|x64
		{20A29AAD-28CA-481B-980B-EDD9DA858405}.Debug|x64.ActiveCfg = Debug|x64
		{20A29AAD-28CA-481B-980B-EDD9DA858405}.Debug|x64.Build.0 = Debug|x64
		{20A29AAD-28CA-481B-980B-EDD9DA858405}.Debug|x86.ActiveCfg = Debug|Win32
		{20A29AAD-28CA-481B-980B-EDD9DA858405}.Debug|x86.Build.0 = Debug|Win32
		{20A29AAD-28CA-481B-980B-EDD9DA858405}.Release|Any CPU.ActiveCfg = Release|x64
		{20A29AAD-28CA-481B-980B-EDD9DA858405}.Release|Any CPU.Build.0 = Release|x64
		{20A29AAD-28CA-481B-980B-EDD9DA858405}.Release|x64.ActiveCfg = Release|x64
		{20A29AAD-28CA-481B-980B-EDD9DA858405}.Release|x64.Build.0 = Release|x64
		{20A29AAD-28CA-481B-980B-EDD9DA858405}.Release|x86.ActiveCfg = Release|Win32
		{20A29AAD-28CA-481B-980B-EDD9DA858405}.Release|x86.Build.0 = Release|Win32
		{D67A9C49-4D35-40EB-860A-5B7E3DF3EC0C}.Debug|Any CPU.ActiveCfg = Debug|x64
		{D67A9C49-4D35-40EB-860A-5B7E3DF3EC0C}.Debug|Any CPU.Build.0 = Debug|x64
		{D67A9C49-4D35-40EB-860A-5B7E3DF3EC0C}.Debug|x64.ActiveCfg = Debug|x64
		{D67A9C49-4D35-40EB-860A-5B7E3DF3EC0C}.Debug|x64.Build.0 = Debug|x64
		{D67A9C49-4D35-40EB-860A-5B7E3DF3EC0C}.Debug|x86.ActiveCfg = Debug|Win32
		{D67A9C49-4D35-40EB-860A-5B7E3DF3EC0C}.Debug|x86.Build.0 = Debug|Win32
		{D67A9C49-4D35-40EB-860A-5B7E3DF3EC0C}.Release|Any CPU.ActiveCfg = Release|x64
		{D67A9C49-4D35-40EB-860A-5B7E3DF3EC0C}.Release|Any CPU.Build.0 = Release|x64
		{D67A9C49-4D35-40EB-860A-5B7E3DF3EC0C}.Release|x64.ActiveCfg = Release|x64
		{D67A9C49-4D35-40EB-860A-5B7E3DF3EC0C}.Release|x64.Build.0 = Release|x64
		{D67A9C49-4D35-40EB-860A-5B7E3DF3EC0C}.Release|x86.ActiveCfg = Release|Win32
		{D67A9C49-4D35-40EB-860A-5B7E3DF3EC0C}.Release|x86.Build.0 = Release|Win32
		{4E4860CB-3704-4D20-880E-6A8888A6B227}.Debug|Any CPU.ActiveCfg = Debug|x64
		{4E4860CB-3704-4D20-880E-6A8888A6B227}.Debug|Any CPU.Build.0 = Debug|x64
		{4E4860CB-3704-4D20-880E-6A8888A6B227}.Debug|x64.ActiveCfg = Debug|x64
		{4E4860CB-3704-4D20-880E-6A8888A6B227}.Debug|x64.Build.0 = Debug|x64
		{4E4860CB-3704-4D20-880E-6A8888A6B227}.Debug|x86.ActiveCfg = Debug|Win32
		{4E4860CB-3704-4D20-880E-6A8888A6B227}.Debug|x86.Build.0 = Debug|Win32
		{4E4860CB-3704-4D20-880E-6A8888A6B227}.Release|Any CPU.ActiveCfg = Release|x64
		{4E4860CB-3704-4D20-880E-6A8888A6B227}.Release|Any CPU.Build.0 = Release|x64
		{4E4860CB-3704-4D20-880E-6A8888A6B227}.Release|x64.ActiveCfg = Release|x64
		{4E4860CB-3704-4D20-880E-6A8888A6B227}.Release|x64.Build.0 = Release|x64
		{4E4860CB-3704-4D20-880E-6A8888A6B227}.Release|x86.ActiveCfg = Release|Win32
		{4E4860CB-3704-4D20-880E-6A8888A6B227}.Release|x86.Build.0 = Release|Win32
		{01EACBF5-16FB-444B-BF07-6AA06CA31355}.Debug|Any CPU.ActiveCfg = Debug|x64
		{01EACBF5-16FB-444B-BF07-6AA06CA31355}.Debug|Any CPU.Build.0 = Debug|x64
		{01EACBF5-16FB-444B-BF07-6AA06CA31355}.Debug|x64.ActiveCfg = Debug|x64
		{01EACBF5-16FB-444B-BF07-6AA06CA31355}.Debug|x64.Build.0 = Debug|x64
		{01EACBF5-16FB-444B-BF07-6AA06CA31355}.Debug|x86.ActiveCfg = Debug|Win32
		{01EACBF5-16FB-444B-BF07-6AA06CA31355}.Debug|x86.Build.0 = Debug|Win32
		{01EACBF5-16FB-444B-BF07-6AA06CA31355}.Release|Any CPU.ActiveCfg = Release|x64
		{01EACBF5-16FB-444B-BF07-6AA06CA31355}.Release|Any CPU.Build.0 = Release|x64
		{01EACBF5-16FB-444B-BF07-6AA06CA31355}.Release|x64.ActiveCfg = Release|x64
		{01EACBF5-16FB-444B-BF07-6AA06CA31355}.Release|x64.Build.0 = Release|x64
		{01EACBF5-16FB-444B-BF07-6AA06CA31355}.Release|x86.ActiveCfg = Release|Win32
		{01EACBF5-16FB-444B-BF07-6AA06CA31355}.Release|x86.Build.0 = Release|Win32
		{5F9AB583-6292-46F6-BD7A-FA60D0C0BAFF}.Debug|Any CPU.ActiveCfg = Debug|x64
		{5F9AB583-6292-46F6-BD7A-FA60D0C0BAFF}.Debug|Any CPU.Build.0 = Debug|x64
		{5F9AB583-6292-46F6-BD7A-FA60D0C0BAFF}.Debug|x64.ActiveCfg = Debug|x64
		{5F9AB583-6292-46F6-BD7A-FA60D0C0BAFF}.Debug|x64.Build.0 = Debug|x64
		{5F9AB583-6292-46F6-BD7A-FA60D0C0BAFF}.Debug|x86.ActiveCfg = Debug|Win32
		{5F9AB583-6292-46F6-BD7A-FA60D0C0BAFF}.Debug|x86.Build.0 = Debug|Win32
		{5F9AB583-6292-46F6-BD7A-FA60D0C0BAFF}.Release|Any CPU.ActiveCfg = Release|x64
		{5F9AB583-6292-46F6-BD7A-FA60D0C0BAFF}.Release|Any CPU.Build.0 = Release|x64
		{5F9AB583-6292-46F6-BD7A-FA60D0C0BAFF}.Release|x64.ActiveCfg = Release|x64
		{5F9AB583-6292-46F6-BD7A-FA60D0C0BAFF}.Release|x64.Build.0 = Release|x64
		{5F9AB583-6292-46F6-BD7A-FA60D0C0BAFF}.Release|x86.ActiveCfg = Release|Win32
		{5F9AB583-6292-46F6-BD7A-FA60D0C0BAFF}.Release|x86.Build.0 = Release|Win32
		{7769D3F8-2665-4238-90A3-720641738A73}.Debug|Any CPU.ActiveCfg = Debug|x64
		{7769D3F8-2665-4238-90A3-720641738A73}.Debug|Any CPU.Build.0 = Debug|x64
		{7769D3F8-2665-4238-90A3-720641738A73}.Debug|x64.ActiveCfg = Debug|x64
		{7769D3F8-2665-4238-90A3-720641738A73}.Debug|x64.Build.0 = Debug|x64
		{7769D3F8-2665-4238-90A3-720641738A73}.Debug|x86.ActiveCfg = Debug|Win32
		{7769D3F8-2665-4238-90A3-720641738A73}.Debug|x86.Build.0 = Debug|Win32
		{7769D3F8-2665-4238-90A3-720641738A73}.Release|Any CPU.ActiveCfg = Release|x64
		{7769D3F8-2665-4238-90A3-720641738A73}.Release|Any CPU.Build.0 = Release|x64
		{7769D3F8-2665-4238-90A3-720641738A73}.Release|x64.ActiveCfg = Release|x64
		{7769D3F8-2665-4238-90A3-720641738A73}.Release|x64.Build.0 = Release|x64
		{7769D3F8-2665-4238-90A3-720641738A73}.Release|x86.ActiveCfg = Release|Win32
		{7769D3F8-2665-4238-90A3-720641738A73}.Release|x86.Build.0 = Release|Win32
		{98D6D3F3-291E-4224-BF5E-8DECD2545FCF}.Debug|Any CPU.ActiveCfg = Debug|x64
		{98D6D3F3-291E-4224-BF5E-8DECD2545FCF}.Debug|Any CPU.Build.0 = Debug|x64
		{98D6D3F3-291E-4224-BF5E-8DECD2545FCF}.Debug|x64.ActiveCfg = Debug|x64
		{98D6D3F3-291E-4224-BF5E-8DECD2545FCF}.Debug|x64.Build.0 = Debug|x64
		{98D6D3F3-291E-4224-BF5E-8DECD2545FCF}.Debug|x86.ActiveCfg = Debug|Win32
		{98D6D3F3-291E-4224-BF5E-8DECD2545FCF}.Debug|x86.Build.0 = Debug|Win32
		{98D6D3F3-291E-4224-BF5E-8DECD2545FCF}.Release|Any CPU.ActiveCfg = Release|x64
		{98D6D3F3-291E-4224-BF5E-8DECD2545FCF}.Release|Any CPU.Build.0 = Release|x64
		{98D6D3F3-291E-4224-BF5E-8DECD2545FCF}.Release|x64.ActiveCfg = Release|x64
		{98D6D3F3-291E-4224-BF5E-8DECD2545FCF}.Release|x64.Build.0 = Release|x64
		{98D6D3F3-291E-4224-BF5E-8DECD2545FCF}.Release|x86.ActiveCfg = Release|Win32
		{98D6D3F3-291E-4224-BF5E-8DECD2545FCF}.Release|x86.Build.0 = Release|Win32
		{B1D6CCF4-5021-4C7A-92E5-11161FE11D27}.Debug|Any CPU.ActiveCfg = Debug|x64
		{B1D6CCF4-5021-4C7A-92E5-11161FE11D27}.Debug|Any CPU.Build.0 = Debug|x64
		{B1D6CCF4-5021-4C7A-92E5-11161FE11D27}.Debug|x64.ActiveCfg = Debug|x64
		{B1D6CCF4-5021-4C7A-92E5-11161FE11D27}.Debug|x64.Build.0 = Debug|x64
		{B1D6CCF4-5021-4C7A-92E5-11161FE11D27}.Debug|x86.ActiveCfg = Debug|Win32
		{B1D6CCF4-5021-4C7A-92E5-11161FE11D27}.Debug|x86.Build.0 = Debug|Win32
		{B1D6CCF4-5021-4C7A-92E5-11161FE11D27}.Release|Any CPU.ActiveCfg = Release|x64
		{B1D6CCF4-5021-4C7A-92E5-11161FE11D27}.Release|Any CPU.Build.0 = Release|x64
		{B1D6CCF4-5021-4C7A-92E5-11161FE11D27}.Release|x64.ActiveCfg = Release|x64
		{B1D6CCF4-5021-4C7A-92E5-11161FE11D27}.Release|x64.Build.0 = Release|x64
		{B1D6CCF4-5021-4C7A-92E5-11161FE11D27}.Release|x86.ActiveCfg = Release|Win32
		{B1D6CCF4-5021-4C7A-92E5-11161FE11D27}.Release|x86.Build.0 = Release|Win32
		{D27281D4-6D58-4068-951A-099B19D09CB9}.Debug|Any CPU.ActiveCfg = Debug|x64
		{D27281D4-6D58-4068-951A-099B19D09CB9}.Debug|Any CPU.Build.0 = Debug|x64
		{D27281D4-6D58-4068-951A-099B19D09CB9}.Debug|x64.ActiveCfg = Debug|x64
		{D27281D4-6D58-4068-951A-099B19D09CB9}.Debug|x64.Build.0 = Debug|x64
		{D27281D4-6D58-4068-951A-099B19D09CB9}.Debug|x86.ActiveCfg = Debug|Win32
		{D27281D4-6D58-4068-951A-099B19D09CB9}.Debug|x86.Build.0 = Debug|Win32
		{D27281D4-6D58-4068-951A-099B19D09CB9}.Release|Any CPU.ActiveCfg = Release|x64
		{D27281D4-6D58-4068-951A-099B19D09CB9}.Release|Any CPU.Build.0 = Release|x64
		{D27281D4-6D58-4068-951A-099B19D09CB9}.Release|x64.ActiveCfg = Release|x64
		{D27281D4-6D58-4068-951A-099B19D09CB9}.Release|x64.Build.0 = Release|x64
		{D27281D4-6D58-4068-951A-099B19D09CB9}.Release|x86.ActiveCfg = Release|Win32
		{D27281D4-6D58-4068-951A-099B19D09CB9}.Release|x86.Build.0 = Release|Win32
		{4B4F9646-A3A2-4CB8-8AB6-9C37A29CB7CB}.Debug|Any CPU.ActiveCfg = Debug|x64
		{4B4F9646-A3A2-4CB8-8AB6-9C37A29CB7CB}.Debug|Any CPU.Build.0 = Debug|x64
		{4B4F9646-A3A2-4CB8-8AB6-9C37A29CB7CB}.Debug|x64.ActiveCfg = Debug|x64
		{4B4F9646-A3A2-4CB8-8AB6-9C37A29CB7CB}.Debug|x64.Build.0 = Debug|x64
		{4B4F9646-A3A2-4CB8-8AB6-9C37A29CB7CB}.Debug|x86.ActiveCfg = Debug|Win32
		{4B4F9646-A3A2-4CB8-8AB6-9C37A29CB7CB}.Debug|x86.Build.0 = Debug|Win32
		{4B4F9646-A3A2-4CB8-8AB6-9C37A29CB7CB}.Release|Any CPU.ActiveCfg = Release|x64
		{4B4F9646-A3A2-4CB8-8AB6-9C37A29CB7CB}.Release|Any CPU.Build.0 = Release|x64
		{4B4F9646-A3A2-4CB8-8AB6-9C37A29CB7CB}.Release|x64.ActiveCfg = Release|x64
		{4B4F9646-A3A2-4CB8-8AB6-9C37A29CB7CB}.Release|x64.Build.0 = Release|x64
		{4B4F9646-A3A2-4CB8-8AB6-9C37A29CB7CB}.Release|x86.ActiveCfg = Release|Win32
		{4B4F9646-A3A2-4CB8-8AB6-9C37A29CB7CB}.Release|x86.Build.0 = Release|Win32
		{5CFF0346-9D44-4F11-A44A-6B0B1C0C4F77}.Debug|Any CPU.ActiveCfg = Debug|x64
		{5CFF0346-9D44-4F11-A44A-6B0B1C0C4F77}.Debug|Any CPU.Build.0 = Debug|x64
		{5CFF0346-9D44-4F11-A44A-6B0B1C0C4F77}.Debug|x64.ActiveCfg = Debug|x64
		{5CFF0346-9D44-4F11-A44A-6B0B1C0C4F77}.Debug|x64.Build.0 = Debug|x64
		{5CFF0346-9D44-4F11-A44A-6B0B1C0C4F77}.Debug|x86.ActiveCfg = Debug|Win32
		{5CFF0346-9D44-4F11-A44A-6B0B1C0C4F77}.Debug|x86.Build.0 = Debug|Win32
		{5CFF0346-9D44-4F11-A44A-6B0B1C0C4F77}.Release|Any CPU.ActiveCfg = Release|x64
		{5CFF0346-9D44-4F11-A44A-6B0B1C0C4F77}.Release|Any CPU.Build.0 = Release|x64
		{5CFF0346-9D44-4F11-A44A-6B0B1C0C4F77}.Release|x64.ActiveCfg = Release|x64
		{5CFF0346-9D44-4F11-A44A-6B0B1C0C4F77}.Release|x64.Build.0 = Release|x64
		{5CFF0346-9D44-4F11-A44A-6B0B1C0C4F77}.Release|x86.ActiveCfg = Release|Win32
		{5CFF0346-9D44-4F11-A44A-6B0B1C0C4F77}.Release|x86.Build.0 = Release|Win32
		{C61EF0C7-A991-446A-B67F-F1375A37618E}.Debug|Any CPU.ActiveCfg = Debug|x64
		{C61EF0C7-A991-446A-B67F-F1375A37618E}.Debug|Any CPU.Build.0 = Debug|x64
		{C61EF0C7-A991-446A-B67F-F1375A37618E}.Debug|x64.ActiveCfg = Debug|x64
		{C61EF0C7-A991-446A-B67F-F1375A37618E}.Debug|x64.Build.0 = Debug|x64
		{C61EF0C7-A991-446A-B67F-F1375A37618E}.Debug|x86.ActiveCfg = Debug|Win32
		{C61EF0C7-A991-446A-B67F-F1375A37618E}.Debug|x86.Build.0 = Debug|Win32
		{C61EF0C7-A991-446A-B67F-F1375A37618E}.Release|Any CPU.ActiveCfg = Release|x64
		{C61EF0C7-A991-446A-B67F-F1375A37618E}.Release|Any CPU.Build.0 = Release|x64
		{C61EF0C7-A991-446A-B67F-F1375A37618E}.Release|x64.ActiveCfg = Release|x64
		{C61EF0C7-A991-446A-B67F-F1375A37618E}.Release|x64.Build.0 = Release|x64
		{C61EF0C7-A991-446A-B67F-F1375A37618E}.Release|x86.ActiveCfg = Release|Win32
		{C61EF0C7-A991-446A-B67F-F1375A37618E}.Release|x86.Build.0 = Release|Win32
		{E72415E7-D248-42D5-801F-FF183592C52D}.Debug|Any CPU.ActiveCfg = Debug|x64
		{E72415E7-D248-42D5-801F-FF183592C52D}.Debug|Any CPU.Build.0 = Debug|x64
		{E72415E7-D248-42D5-801F-FF183592C52D}.Debug|x64.ActiveCfg = Debug|x64
		{E72415E7-D248-42D5-801F-FF183592C52D}.Debug|x64.Build.0 = Debug|x64
		{E72415E7-D248-42D5-801F-FF183592C52D}.Debug|x86.ActiveCfg = Debug|Win32
		{E72415E7-D248-42D5-801F-FF183592C52D}.Debug|x86.Build.0 = Debug|Win32
		{E72415E7-D248-42D5-801F-FF183592C52D}.Release|Any CPU.ActiveCfg = Release|x64
		{E72415E7-D248-42D5-801F-FF183592C52D}.Release|Any CPU.Build.0 = Release|x64
		{E72415E7-D248-42D5-801F-FF183592C52D}.Release|x64.ActiveCfg = Release|x64
		{E72415E7-D248-42D5-801F-FF183592C52D}.Release|x64.Build.0 = Release|x64
		{E72415E7-D248-42D5-801F-FF183592C52D}.Release|x86.ActiveCfg = Release|Win32
		{E72415E7-D248-42D5-801F-FF183592C52D}.Release|x86.Build.0 = Release|Win32
		{F1CEBD6E-18A1-44CA-8919-FEB8BC453C35}.Debug|Any CPU.ActiveCfg = Debug|x64
		{F1CEBD6E-18A1-44CA-8919-FEB8BC453C35}.Debug|Any CPU.Build.0 = Debug|x64
		{F1CEBD6E-18A1-44CA-8919-FEB8BC453C35}.Debug|x64.ActiveCfg = Debug|x64
		{F1CEBD6E-18A1-44CA-8919-FEB8BC453C35}.Debug|x64.Build.0 = Debug|x64
		{F1CEBD6E-18A1-44CA-8919-FEB8BC453C35}.Debug|x86.ActiveCfg = Debug|Win32
		{F1CEBD6E-18A1-44CA-8919-FEB8BC453C35}.Debug|x86.Build.0 = Debug|Win32
		{F1CEBD6E-18A1-44CA-8919-FEB8BC453C35}.Release|Any CPU.ActiveCfg = Release|x64
		{F1CEBD6E-18A1-44CA-8919-FEB8BC453C35}.Release|Any CPU.Build.0 = Release|x64
		{F1CEBD6E-18A1-44CA-8919-FEB8BC453C35}.Release|x64.ActiveCfg = Release|x64
		{F1CEBD6E-18A1-44CA-8919-FEB8BC453C35}.Release|x64.Build.0 = Release|x64
		{F1CEBD6E-18A1-44CA-8919-FEB8BC453C35}.Release|x86.ActiveCfg = Release|Win32
		{F1CEBD6E-18A1-44CA-8919-FEB8BC453C35}.Release|x86.Build.0 = Release|Win32
		{8DF4BD47-653D-4BA0-B241-1DBF9F72D586}.Debug|Any CPU.ActiveCfg = Debug|x64
		{8DF4BD47-653D-4BA0-B241-1DBF9F72D586}.Debug|Any CPU.Build.0 = Debug|x64
		{8DF4BD47-653D-4BA0-B241-1DBF9F72D586}.Debug|x64.ActiveCfg = Debug|x64
		{8DF4BD47-653D-4BA0-B241-1DBF9F72D586}.Debug|x64.Build.0 = Debug|x64
		{8DF4BD47-653D-4BA0-B241-1DBF9F72D586}.Debug|x86.ActiveCfg = Debug|Win32
		{8DF4BD47-653D-4BA0-B241-1DBF9F72D586}.Debug|x86.Build.0 = Debug|Win32
		{8DF4BD47-653D-4BA0-B241-1DBF9F72D586}.Release|Any CPU.ActiveCfg = Release|x64
		{8DF4BD47-653D-4BA0-B241-1DBF9F72D586}.Release|Any CPU.Build.0 = Release|x64
		{8DF4BD47-653D-4BA0-B241-1DBF9F72D586}.Release|x64.ActiveCfg = Release|x64
		{8DF4BD47-653D-4BA0-B241-1DBF9F72D586}.Release|x64.Build.0 = Release|x64
		{8DF4BD47-653D-4BA0-B241-1DBF9F72D586}.Release|x86.ActiveCfg = Release|Win32
		{8DF4BD47-653D-4BA0-B241-1DBF9F72D586}.Release|x86.Build.0 = Release|Win32
		{5B1A38BC-C37B-4D2B-819E-99722456A59C}.Debug|Any CPU.ActiveCfg = Debug|x64
		{5B1A38BC-C37B-4D2B-819E-99722456A59C}.Debug|Any CPU.Build.0 = Debug|x64
		{5B1A38BC-C37B-4D2B-819E-99722456A59C}.Debug|x64.ActiveCfg = Debug|x64
		{5B1A38BC-C37B-4D2B-819E-99722456A59C}.Debug|x64.Build.0 = Debug|x64
		{5B1A38BC-C37B-4D2B-819E-99722456A59C}.Debug|x86.ActiveCfg = Debug|Win32
		{5B1A38BC-C37B-4D2B-819E-99722456A59C}.Debug|x86.Build.0 = Debug|Win32
		{5B1A38BC-C37B-4D2B-819E-99722456A59C}.Release|Any CPU.ActiveCfg = Release|x64
		{5B1A38BC-C37B-4D2B-819E-99722456A59C}.Release|Any CPU.Build.0 = Release|x64
		{5B1A38BC-C37B-4D2B-819E-99722456A59C}.Release|x64.ActiveCfg = Release|x64
		{5B1A38BC-C37B-4D2B-819E-99722456A59C}.Release|x64.Build.0 = Release|x64
		{5B1A38BC-C37B-4D2B-819E-99722456A59C}.Release|x86.ActiveCfg = Release|Win32
		{5B1A38BC-C37B-4D2B-819E-99722456A59C}.Release|x86.Build.0 = Release|Win32
		{404F4C15-614B-4C14-9444-CEE17B0D5A31}.Debug|Any CPU.ActiveCfg = Debug|x64
		{404F4C15-614B-4C14-9444-CEE17B0D5A31}.Debug|Any CPU.Build.0 = Debug|x64
		{404F4C15-614B-4C14-9444-CEE17B0D5A31}.Debug|x64.ActiveCfg = Debug|x64
		{404F4C15-614B-4C14-9444-CEE17B0D5A31}.Debug|x64.Build.0 = Debug|x64
		{404F4C15-614B-4C14-9444-CEE17B0D5A31}.Debug|x86.ActiveCfg = Debug|Win32
		{404F4C15-614B-4C14-9444-CEE17B0D5A31}.Debug|x86.Build.0 = Debug|Win32
		{404F4C15-614B-4C14-9444-CEE17B0D5A31}.Release|Any CPU.ActiveCfg = Release|x64
		{404F4C15-614B-4C14-9444-CEE17B0D5A31}.Release|Any CPU.Build.0 = Release|x64
		{404F4C15-614B-4C14-9444-CEE17B0D5A31}.Release|x64.ActiveCfg = Release|x64
		{404F4C15-614B-4C14-9444-CEE17B0D5A31}.Release|x64.Build.0 = Release|x64
		{404F4C15-614B-4C14-9444-CEE17B0D5A31}.Release|x86.ActiveCfg = Release|Win32
		{404F4C15-614B-4C14-9444-CEE17B0D5A31}.Release|x86.Build.0 = Release|Win32
		{E2A5F948-BDDB-44C1-A4F7-F314F91FA443}.Debug|Any CPU.ActiveCfg = Debug|x64
		{E2A5F948-BDDB-44C1-A4F7-F314F91FA443}.Debug|Any CPU.Build.0 = Debug|x64
		{E2A5F948-BDDB-44C1-A4F7-F314F91FA443}.Debug|x64.ActiveCfg = Debug|x64
		{E2A5F948-BDDB-44C1-A4F7-F314F91FA443}.Debug|x64.Build.0 = Debug|x64
		{E2A5F948-BDDB-44C1-A4F7-F314F91FA443}.Debug|x86.ActiveCfg = Debug|Win32
		{E2A5F948-BDDB-44C1-A4F7-F314F91FA443}.Debug|x86.Build.0 = Debug|Win32
		{E2A5F948-BDDB-44C1-A4F7-F314F91FA443}.Release|Any CPU.ActiveCfg = Release|x64
		{E2A5F948-BDDB-44C1-A4F7-F314F91FA443}.Release|Any CPU.Build.0 = Release|x64
		{E2A5F948-BDDB-44C1-A4F7-F314F91FA443}.Release|x64.ActiveCfg = Release|x64
		{E2A5F948-BDDB-44C1-A4F7-F314F91FA443}.Release|x64.Build.0 = Release|x64
		{E2A5F948-BDDB-44C1-A4F7-F314F91FA443}.Release|x86.ActiveCfg = Release|Win32
		{E2A5F948-BDDB-44C1-A4F7-F314F91FA443}.Release|x86.Build.0 = Release|Win32
		{8DD39624-E26A-49EE-89DC-6CA1E5AC2C80}.Debug|Any CPU.ActiveCfg = Debug|x64
		{8DD39624-E26A-49EE-89DC-6CA1E5AC2C80}.Debug|Any CPU.Build.0 = Debug|x64
		{8DD39624-E26A-49EE-89DC-6CA1E5AC2C80}.Debug|x64.ActiveCfg = Debug|x64
		{8DD39624-E26A-49EE-89DC-6CA1E5AC2C80}.Debug|x64.Build.0 = Debug|x64
		{8DD39624-E26A-49EE-89DC-6CA1E5AC2C80}.Debug|x86.ActiveCfg = Debug|Win32
		{8DD39624-E26A-49EE-89DC-6CA1E5AC2C80}.Debug|x86.Build.0 = Debug|Win32
		{8DD39624-E26A-49EE-89DC-6CA1E5AC2C80}.Release|Any CPU.ActiveCfg = Release|x64
		{8DD39624-E26A-49EE-89DC-6CA1E5AC2C80}.Release|Any CPU.Build.0 = Release|x64
		{8DD39624-E26A-49EE-89DC-6CA1E5AC2C80}.Release|x64.ActiveCfg = Release|x64
		{8DD39624-E26A-49EE-89DC-6CA1E5AC2C80}.Release|x64.Build.0 = Release|x64
		{8DD39624-E26A-49EE-89DC-6CA1E5AC2C80}.Release|x86.ActiveCfg = Release|Win32
		{8DD39624-E26A-49EE-89DC-6CA1E5AC2C80}.Release|x86.Build.0 = Release|Win32
		{C1AACD2F-A4DE-4F61-B69A-F00B5225F43E}.Debug|Any CPU.ActiveCfg = Debug|x64
		{C1AACD2F-A4DE-4F61-B69A-F00B5225F43E}.Debug|Any CPU.Build.0 = Debug|x64
		{C1AACD2F-A4DE-4F61-B69A-F00B5225F43E}.Debug|x64.ActiveCfg = Debug|x64
		{C1AACD2F-A4DE-4F61-B69A-F00B5225F43E}.Debug|x64.Build.0 = Debug|x64
		{C1AACD2F-A4DE-4F61-B69A-F00B5225F43E}.Debug|x86.ActiveCfg = Debug|Win32
		{C1AACD2F-A4DE-4F61-B69A-F00B5225F43E}.Debug|x86.Build.0 = Debug|Win32
		{C1AACD2F-A4DE-4F61-B69A-F00B5225F43E}.Release|Any CPU.ActiveCfg = Release|x64
		{C1AACD2F-A4DE-4F61-B69A-F00B5225F43E}.Release|Any CPU.Build.0 = Release|x64
		{C1AACD2F-A4DE-4F61-B69A-F00B5225F43E}.Release|x64.ActiveCfg = Release|x64
		{C1AACD2F-A4DE-4F61-B69A-F00B5225F43E}.Release|x64.Build.0 = Release|x64
		{C1AACD2F-A4DE-4F61-B69A-F00B5225F43E}.Release|x86.ActiveCfg = Release|Win32
		{C1AACD2F-A4DE-4F61-B69A-F00B5225F43E}.Release|x86.Build.0 = Release|Win32
		{2DC1D96B-C4B6-49E8-A256-41045A635711}.Debug|Any CPU.ActiveCfg = Debug|x64
		{2DC1D96B-C4B6-49E8-A256-41045A635711}.Debug|Any CPU.Build.0 = Debug|x64
		{2DC1D96B-C4B6-49E8-A256-41045A635711}.Debug|x64.ActiveCfg = Debug|x64
		{2DC1D96B-C4B6-49E8-A256-41045A635711}.Debug|x64.Build.0 = Debug|x64
		{2DC1D96B-C4B6-49E8-A256-41045A635711}.Debug|x86.ActiveCfg = Debug|Win32
		{2DC1D96B-C4B6-49E8-A256-41045A635711}.Debug|x86.Build.0 = Debug|Win32
		{2DC1D96B-C4B6-49E8-A256-41045A635711}.Release|Any CPU.ActiveCfg = Release|x64
		{2DC1D96B-C4B6-49E8-A256-41045A635711}.Release|Any CPU.Build.0 = Release|x64
		{2DC1D96B-C4B6-49E8-A256-41045A635711}.Release|x64.ActiveCfg = Release|x64
		{2DC1D96B-C4B6-49E8-A256-41045A635711}.Release|x64.Build.0 = Release|x64
		{2DC1D96B-C4B6-49E8-A256-41045A635711}.Release|x86.ActiveCfg = Release|Win32
		{2DC1D96B-C4B6-49E8-A256-41045A635711}.Release|x86.Build.0 = Release|Win32
		{B2485EC4-5A1D-42F1-9323-EB76E9F88467}.Debug|Any CPU.ActiveCfg = Debug|x64
		{B2485EC4-5A1D-42F1-9323-EB76E9F88467}.Debug|Any CPU.Build.0 = Debug|x64
		{B2485EC4-5A1D-42F1-9323-EB76E9F88467}.Debug|x64.ActiveCfg = Debug|x64
		{B2485EC4-5A1D-42F1-9323-EB76E9F88467}.Debug|x64.Build.0 = Debug|x64
		{B2485EC4-5A1D-42F1-9323-EB76E9F88467}.Debug|x86.ActiveCfg = Debug|Win32
		{B2485EC4-5A1D-42F1-9323-EB76E9F88467}.Debug|x86.Build.0 = Debug|Win32
		{B2485EC4-5A1D-42F1-9323-EB76E9F88467}.Release|Any CPU.ActiveCfg = Release|x64
		{B2485EC4-5A1D-42F1-9323-EB76E9F88467}.Release|Any CPU.Build.0 = Release|x64
		{B2485EC4-5A1D-42F1-9323-EB76E9F88467}.Release|x64.ActiveCfg = Release|x64
		{B2485EC4-5A1D-42F1-9323-EB76E9F88467}.Release|x64.Build.0 = Release|x64
		{B2485EC4-5A1D-42F1-9323-EB76E9F88467}.Release|x86.ActiveCfg = Release|Win32
		{B2485EC4-5A1D-42F1-9323-EB76E9F88467}.Release|x86.Build.0 = Release|Win32
		{0927F45B-6086-45EC-A8A7-E5219C51F5DA}.Debug|Any CPU.ActiveCfg = Debug|x64
		{0927F45B-6086-45EC-A8A7-E5219C51F5DA}.Debug|Any CPU.Build.0 = Debug|x64
		{0927F45B-6086-45EC-A8A7-E5219C51F5DA}.Debug|x64.ActiveCfg = Debug|x64
		{0927F45B-6086-45EC-A8A7-E5219C51F5DA}.Debug|x64.Build.0 = Debug|x64
		{0927F45B-6086-45EC-A8A7-E5219C51F5DA}.Debug|x86.ActiveCfg = Debug|Win32
		{0927F45B-6086-45EC-A8A7-E5219C51F5DA}.Debug|x86.Build.0 = Debug|Win32
		{0927F45B-6086-45EC-A8A7-E5219C51F5DA}.Release|Any CPU.ActiveCfg = Release|x64
		{0927F45B-6086-45EC-A8A7-E5219C51F5DA}.Release|Any CPU.Build.0 = Release|x64
		{0927F45B-6086-45EC-A8A7-E5219C51F5DA}.Release|x64.ActiveCfg = Release|x64
		{0927F45B-6086-45EC-A8A7-E5219C51F5DA}.Release|x64.Build.0 = Release|x64
		{0927F45B-6086-45EC-A8A7-E5219C51F5DA}.Release|x86.ActiveCfg = Release|Win32
		{0927F45B-6086-45EC-A8A7-E5219C51F5DA}.Release|x86.Build.0 = Release|Win32
		{EF214E09-BC5E-4C1B-A145-C3CB59A1FD33}.Debug|Any CPU.ActiveCfg = Debug|x64
		{EF214E09-BC5E-4C1B-A145-C3CB59A1FD33}.Debug|Any CPU.Build.0 = Debug|x64
		{EF214E09-BC5E-4C1B-A145-C3CB59A1FD33}.Debug|x64.ActiveCfg = Debug|x64
		{EF214E09-BC5E-4C1B-A145-C3CB59A1FD33}.Debug|x64.Build.0 = Debug|x64
		{EF214E09-BC5E-4C1B-A145-C3CB59A1FD33}.Debug|x86.ActiveCfg = Debug|Win32
		{EF214E09-BC5E-4C1B-A145-C3CB59A1FD33}.Debug|x86.Build.0 = Debug|Win32
		{EF214E09-BC5E-4C1B-A145-C3CB59A1FD33}.Release|Any CPU.ActiveCfg = Release|x64
		{EF214E09-BC5E-4C1B-A145-C3CB59A1FD33}.Release|Any CPU.Build.0 = Release|x64
		{EF214E09-BC5E-4C1B-A145-C3CB59A1FD33}.Release|x64.ActiveCfg = Release|x64
		{EF214E09-BC5E-4C1B-A145-C3CB59A1FD33}.Release|x64.Build.0 = Release|x64
		{EF214E09-BC5E-4C1B-A145-C3CB59A1FD33}.Release|x86.ActiveCfg = Release|Win32
		{EF214E09-BC5E-4C1B-A145-C3CB59A1FD33}.Release|x86.Build.0 = Release|Win32
	EndGlobalSection
	GlobalSection(SolutionProperties) = preSolution
		HideSolutionNode = FALSE
	EndGlobalSection
	GlobalSection(ExtensibilityGlobals) = postSolution
		SolutionGuid = {0760FD2F-5E33-4E66-B11B-8BB4EB95156B}
	EndGlobalSection
EndGlobal
